
Microsoft Visual Studio Solution File, Format Version 12.00
# Visual Studio Version 17
VisualStudioVersion = 17.3.32819.101
MinimumVisualStudioVersion = 10.0.40219.1
Project("{FAE04EC0-301F-11D3-BF4B-00C04F79EFBC}") = "yee", "yee\yee.csproj", "{A81E2076-1EBF-4C45-B4BC-46B07406E008}"
EndProject
Global
	GlobalSection(SolutionConfigurationPlatforms) = preSolution
		Debug|Any CPU = Debug|Any CPU
		Release|Any CPU = Release|Any CPU
	EndGlobalSection
	GlobalSection(ProjectConfigurationPlatforms) = postSolution
		{A81E2076-1EBF-4C45-B4BC-46B07406E008}.Debug|Any CPU.ActiveCfg = Debug|Any CPU
		{A81E2076-1EBF-4C45-B4BC-46B07406E008}.Debug|Any CPU.Build.0 = Debug|Any CPU
		{A81E2076-1EBF-4C45-B4BC-46B07406E008}.Release|Any CPU.ActiveCfg = Release|Any CPU
		{A81E2076-1EBF-4C45-B4BC-46B07406E008}.Release|Any CPU.Build.0 = Release|Any CPU
	EndGlobalSection
	GlobalSection(SolutionProperties) = preSolution
		HideSolutionNode = FALSE
	EndGlobalSection
	GlobalSection(ExtensibilityGlobals) = postSolution
		SolutionGuid = {8D5A25D0-E9FC-4533-8CC9-7CC93A35ABA9}
	EndGlobalSection
EndGlobal
